// !$*UTF8*$!
{
	archiveVersion = 1;
	classes = {
	};
	objectVersion = 56;
	objects = {

/* Begin PBXBuildFile section */
		F98D59672BFD1E5B0096F2F7 /* StepperButton.swift in Sources */ = {isa = PBXBuildFile; fileRef = F98D59662BFD1E5B0096F2F7 /* StepperButton.swift */; };
		F98D59692BFD20D00096F2F7 /* BaseView.swift in Sources */ = {isa = PBXBuildFile; fileRef = F98D59682BFD20D00096F2F7 /* BaseView.swift */; };
		F98D596C2BFD71EE0096F2F7 /* FoodCartCell.swift in Sources */ = {isa = PBXBuildFile; fileRef = F98D596B2BFD71EE0096F2F7 /* FoodCartCell.swift */; };
		F98D596E2BFD720F0096F2F7 /* BaseTableViewCell.swift in Sources */ = {isa = PBXBuildFile; fileRef = F98D596D2BFD720F0096F2F7 /* BaseTableViewCell.swift */; };
		F98D59702BFD78E40096F2F7 /* RecommendedFoodCell.swift in Sources */ = {isa = PBXBuildFile; fileRef = F98D596F2BFD78E40096F2F7 /* RecommendedFoodCell.swift */; };
		F98D59722BFE246C0096F2F7 /* CRUDCevap.swift in Sources */ = {isa = PBXBuildFile; fileRef = F98D59712BFE246C0096F2F7 /* CRUDCevap.swift */; };
		F98D59742BFE2B6B0096F2F7 /* CartViewModel.swift in Sources */ = {isa = PBXBuildFile; fileRef = F98D59732BFE2B6B0096F2F7 /* CartViewModel.swift */; };
		F98D59762BFF89010096F2F7 /* CustomNavigationView.swift in Sources */ = {isa = PBXBuildFile; fileRef = F98D59752BFF89010096F2F7 /* CustomNavigationView.swift */; };
		F98D59792BFFAF3D0096F2F7 /* DetailStepperButton.swift in Sources */ = {isa = PBXBuildFile; fileRef = F98D59782BFFAF3D0096F2F7 /* DetailStepperButton.swift */; };
		F98D597E2C00FF8B0096F2F7 /* InformationView.swift in Sources */ = {isa = PBXBuildFile; fileRef = F98D597D2C00FF8B0096F2F7 /* InformationView.swift */; };
		F98D59822C0102EF0096F2F7 /* loadingAnimation.json in Resources */ = {isa = PBXBuildFile; fileRef = F98D59812C0102EF0096F2F7 /* loadingAnimation.json */; };
		F9A41A4F2BFBB23F00BB7B4B /* AppDelegate.swift in Sources */ = {isa = PBXBuildFile; fileRef = F9A41A4E2BFBB23F00BB7B4B /* AppDelegate.swift */; };
		F9A41A512BFBB23F00BB7B4B /* SceneDelegate.swift in Sources */ = {isa = PBXBuildFile; fileRef = F9A41A502BFBB23F00BB7B4B /* SceneDelegate.swift */; };
		F9A41A532BFBB23F00BB7B4B /* SplashVC.swift in Sources */ = {isa = PBXBuildFile; fileRef = F9A41A522BFBB23F00BB7B4B /* SplashVC.swift */; };
		F9A41A582BFBB24100BB7B4B /* Assets.xcassets in Resources */ = {isa = PBXBuildFile; fileRef = F9A41A572BFBB24100BB7B4B /* Assets.xcassets */; };
		F9A41A5B2BFBB24100BB7B4B /* Base in Resources */ = {isa = PBXBuildFile; fileRef = F9A41A5A2BFBB24100BB7B4B /* Base */; };
		F9A41A662BFBB31A00BB7B4B /* Kingfisher in Frameworks */ = {isa = PBXBuildFile; productRef = F9A41A652BFBB31A00BB7B4B /* Kingfisher */; };
		F9A41A6A2BFBB33000BB7B4B /* SnapKit in Frameworks */ = {isa = PBXBuildFile; productRef = F9A41A692BFBB33000BB7B4B /* SnapKit */; };
		F9A41A6D2BFBB33E00BB7B4B /* Lottie in Frameworks */ = {isa = PBXBuildFile; productRef = F9A41A6C2BFBB33E00BB7B4B /* Lottie */; };
		F9A41A702BFBB3CA00BB7B4B /* RxSwift in Frameworks */ = {isa = PBXBuildFile; productRef = F9A41A6F2BFBB3CA00BB7B4B /* RxSwift */; };
		F9A41A772BFBB83D00BB7B4B /* BaseVC.swift in Sources */ = {isa = PBXBuildFile; fileRef = F9A41A762BFBB83D00BB7B4B /* BaseVC.swift */; };
		F9A41A792BFBB86E00BB7B4B /* CartVC.swift in Sources */ = {isa = PBXBuildFile; fileRef = F9A41A782BFBB86E00BB7B4B /* CartVC.swift */; };
		F9A41A7B2BFBB87800BB7B4B /* DetailVC.swift in Sources */ = {isa = PBXBuildFile; fileRef = F9A41A7A2BFBB87800BB7B4B /* DetailVC.swift */; };
		F9A41A892BFBB96500BB7B4B /* UITextField+Extension.swift in Sources */ = {isa = PBXBuildFile; fileRef = F9A41A802BFBB96500BB7B4B /* UITextField+Extension.swift */; };
		F9A41A8A2BFBB96500BB7B4B /* UIStackView+Extension.swift in Sources */ = {isa = PBXBuildFile; fileRef = F9A41A812BFBB96500BB7B4B /* UIStackView+Extension.swift */; };
		F9A41A8B2BFBB96500BB7B4B /* UITableView+Extension.swift in Sources */ = {isa = PBXBuildFile; fileRef = F9A41A822BFBB96500BB7B4B /* UITableView+Extension.swift */; };
		F9A41A8C2BFBB96500BB7B4B /* UIButton+Extension.swift in Sources */ = {isa = PBXBuildFile; fileRef = F9A41A832BFBB96500BB7B4B /* UIButton+Extension.swift */; };
		F9A41A8D2BFBB96500BB7B4B /* String+Extensions.swift in Sources */ = {isa = PBXBuildFile; fileRef = F9A41A842BFBB96500BB7B4B /* String+Extensions.swift */; };
		F9A41A8E2BFBB96500BB7B4B /* UIView+Extension.swift in Sources */ = {isa = PBXBuildFile; fileRef = F9A41A852BFBB96500BB7B4B /* UIView+Extension.swift */; };
		F9A41A8F2BFBB96500BB7B4B /* UILabel+Extension.swift in Sources */ = {isa = PBXBuildFile; fileRef = F9A41A862BFBB96500BB7B4B /* UILabel+Extension.swift */; };
		F9A41A902BFBB96500BB7B4B /* UIViewController+Extension.swift in Sources */ = {isa = PBXBuildFile; fileRef = F9A41A872BFBB96500BB7B4B /* UIViewController+Extension.swift */; };
		F9A41A912BFBB96500BB7B4B /* UIImageView+Extension.swift in Sources */ = {isa = PBXBuildFile; fileRef = F9A41A882BFBB96500BB7B4B /* UIImageView+Extension.swift */; };
		F9A41A942BFBB9E100BB7B4B /* TextType.swift in Sources */ = {isa = PBXBuildFile; fileRef = F9A41A932BFBB9E100BB7B4B /* TextType.swift */; };
		F9A41A962BFBBA2300BB7B4B /* TextFieldType.swift in Sources */ = {isa = PBXBuildFile; fileRef = F9A41A952BFBBA2300BB7B4B /* TextFieldType.swift */; };
		F9A41A982BFBC73C00BB7B4B /* MainVC.swift in Sources */ = {isa = PBXBuildFile; fileRef = F9A41A972BFBC73C00BB7B4B /* MainVC.swift */; };
		F9A41AA02BFBC87400BB7B4B /* FoodRepository.swift in Sources */ = {isa = PBXBuildFile; fileRef = F9A41A9E2BFBC87400BB7B4B /* FoodRepository.swift */; };
		F9A41AA22BFBC91800BB7B4B /* Yemekler.swift in Sources */ = {isa = PBXBuildFile; fileRef = F9A41AA12BFBC91800BB7B4B /* Yemekler.swift */; };
		F9A41AA42BFBC94A00BB7B4B /* TumYemekler.swift in Sources */ = {isa = PBXBuildFile; fileRef = F9A41AA32BFBC94A00BB7B4B /* TumYemekler.swift */; };
		F9A41AA62BFBCA4700BB7B4B /* SepetTumYemekler.swift in Sources */ = {isa = PBXBuildFile; fileRef = F9A41AA52BFBCA4700BB7B4B /* SepetTumYemekler.swift */; };
		F9A41AA82BFBCA8800BB7B4B /* SepetYemekler.swift in Sources */ = {isa = PBXBuildFile; fileRef = F9A41AA72BFBCA8800BB7B4B /* SepetYemekler.swift */; };
		F9A41AAB2BFBCC9E00BB7B4B /* Alamofire in Frameworks */ = {isa = PBXBuildFile; productRef = F9A41AAA2BFBCC9E00BB7B4B /* Alamofire */; };
		F9A41AAF2BFBCDE900BB7B4B /* MainViewModel.swift in Sources */ = {isa = PBXBuildFile; fileRef = F9A41AAE2BFBCDE900BB7B4B /* MainViewModel.swift */; };
		F9A41AB62BFCC55100BB7B4B /* FoodCollectionCell.swift in Sources */ = {isa = PBXBuildFile; fileRef = F9A41AB52BFCC55100BB7B4B /* FoodCollectionCell.swift */; };
		F9A41ABB2BFCC8C300BB7B4B /* BaseCollectionViewCell.swift in Sources */ = {isa = PBXBuildFile; fileRef = F9A41ABA2BFCC8C300BB7B4B /* BaseCollectionViewCell.swift */; };
		F9A41AC72BFCE1A900BB7B4B /* CustomTabBarController.swift in Sources */ = {isa = PBXBuildFile; fileRef = F9A41AC52BFCE1A900BB7B4B /* CustomTabBarController.swift */; };
		F9A41ACD2BFCF99400BB7B4B /* FavoritesVC.swift in Sources */ = {isa = PBXBuildFile; fileRef = F9A41ACC2BFCF99400BB7B4B /* FavoritesVC.swift */; };
		F9A41B282BFD154800BB7B4B /* Rubik-Bold.ttf in Resources */ = {isa = PBXBuildFile; fileRef = F9A41B212BFD154800BB7B4B /* Rubik-Bold.ttf */; };
		F9A41B292BFD154800BB7B4B /* Rubik-ExtraBold.ttf in Resources */ = {isa = PBXBuildFile; fileRef = F9A41B222BFD154800BB7B4B /* Rubik-ExtraBold.ttf */; };
		F9A41B2A2BFD154800BB7B4B /* Rubik-Light.ttf in Resources */ = {isa = PBXBuildFile; fileRef = F9A41B232BFD154800BB7B4B /* Rubik-Light.ttf */; };
		F9A41B2B2BFD154800BB7B4B /* Rubik-Medium.ttf in Resources */ = {isa = PBXBuildFile; fileRef = F9A41B242BFD154800BB7B4B /* Rubik-Medium.ttf */; };
		F9A41B2C2BFD154800BB7B4B /* Rubik-Regular.ttf in Resources */ = {isa = PBXBuildFile; fileRef = F9A41B252BFD154800BB7B4B /* Rubik-Regular.ttf */; };
		F9A41B2D2BFD154800BB7B4B /* Rubik-SemiBold.ttf in Resources */ = {isa = PBXBuildFile; fileRef = F9A41B262BFD154800BB7B4B /* Rubik-SemiBold.ttf */; };
/* End PBXBuildFile section */

/* Begin PBXFileReference section */
		F98D59662BFD1E5B0096F2F7 /* StepperButton.swift */ = {isa = PBXFileReference; lastKnownFileType = sourcecode.swift; path = StepperButton.swift; sourceTree = "<group>"; };
		F98D59682BFD20D00096F2F7 /* BaseView.swift */ = {isa = PBXFileReference; lastKnownFileType = sourcecode.swift; path = BaseView.swift; sourceTree = "<group>"; };
		F98D596B2BFD71EE0096F2F7 /* FoodCartCell.swift */ = {isa = PBXFileReference; lastKnownFileType = sourcecode.swift; path = FoodCartCell.swift; sourceTree = "<group>"; };
		F98D596D2BFD720F0096F2F7 /* BaseTableViewCell.swift */ = {isa = PBXFileReference; lastKnownFileType = sourcecode.swift; path = BaseTableViewCell.swift; sourceTree = "<group>"; };
		F98D596F2BFD78E40096F2F7 /* RecommendedFoodCell.swift */ = {isa = PBXFileReference; lastKnownFileType = sourcecode.swift; path = RecommendedFoodCell.swift; sourceTree = "<group>"; };
		F98D59712BFE246C0096F2F7 /* CRUDCevap.swift */ = {isa = PBXFileReference; lastKnownFileType = sourcecode.swift; path = CRUDCevap.swift; sourceTree = "<group>"; };
		F98D59732BFE2B6B0096F2F7 /* CartViewModel.swift */ = {isa = PBXFileReference; lastKnownFileType = sourcecode.swift; path = CartViewModel.swift; sourceTree = "<group>"; };
		F98D59752BFF89010096F2F7 /* CustomNavigationView.swift */ = {isa = PBXFileReference; lastKnownFileType = sourcecode.swift; path = CustomNavigationView.swift; sourceTree = "<group>"; };
		F98D59782BFFAF3D0096F2F7 /* DetailStepperButton.swift */ = {isa = PBXFileReference; lastKnownFileType = sourcecode.swift; path = DetailStepperButton.swift; sourceTree = "<group>"; };
		F98D597D2C00FF8B0096F2F7 /* InformationView.swift */ = {isa = PBXFileReference; lastKnownFileType = sourcecode.swift; path = InformationView.swift; sourceTree = "<group>"; };
		F98D59812C0102EF0096F2F7 /* loadingAnimation.json */ = {isa = PBXFileReference; fileEncoding = 4; lastKnownFileType = text.json; path = loadingAnimation.json; sourceTree = "<group>"; };
		F9A41A4B2BFBB23F00BB7B4B /* YemekSiparis.app */ = {isa = PBXFileReference; explicitFileType = wrapper.application; includeInIndex = 0; path = YemekSiparis.app; sourceTree = BUILT_PRODUCTS_DIR; };
		F9A41A4E2BFBB23F00BB7B4B /* AppDelegate.swift */ = {isa = PBXFileReference; lastKnownFileType = sourcecode.swift; path = AppDelegate.swift; sourceTree = "<group>"; };
		F9A41A502BFBB23F00BB7B4B /* SceneDelegate.swift */ = {isa = PBXFileReference; lastKnownFileType = sourcecode.swift; path = SceneDelegate.swift; sourceTree = "<group>"; };
		F9A41A522BFBB23F00BB7B4B /* SplashVC.swift */ = {isa = PBXFileReference; lastKnownFileType = sourcecode.swift; path = SplashVC.swift; sourceTree = "<group>"; };
		F9A41A572BFBB24100BB7B4B /* Assets.xcassets */ = {isa = PBXFileReference; lastKnownFileType = folder.assetcatalog; path = Assets.xcassets; sourceTree = "<group>"; };
		F9A41A5A2BFBB24100BB7B4B /* Base */ = {isa = PBXFileReference; lastKnownFileType = file.storyboard; name = Base; path = Base.lproj/LaunchScreen.storyboard; sourceTree = "<group>"; };
		F9A41A5C2BFBB24100BB7B4B /* Info.plist */ = {isa = PBXFileReference; lastKnownFileType = text.plist.xml; path = Info.plist; sourceTree = "<group>"; };
		F9A41A762BFBB83D00BB7B4B /* BaseVC.swift */ = {isa = PBXFileReference; lastKnownFileType = sourcecode.swift; path = BaseVC.swift; sourceTree = "<group>"; };
		F9A41A782BFBB86E00BB7B4B /* CartVC.swift */ = {isa = PBXFileReference; lastKnownFileType = sourcecode.swift; path = CartVC.swift; sourceTree = "<group>"; };
		F9A41A7A2BFBB87800BB7B4B /* DetailVC.swift */ = {isa = PBXFileReference; lastKnownFileType = sourcecode.swift; path = DetailVC.swift; sourceTree = "<group>"; };
		F9A41A802BFBB96500BB7B4B /* UITextField+Extension.swift */ = {isa = PBXFileReference; fileEncoding = 4; lastKnownFileType = sourcecode.swift; path = "UITextField+Extension.swift"; sourceTree = "<group>"; };
		F9A41A812BFBB96500BB7B4B /* UIStackView+Extension.swift */ = {isa = PBXFileReference; fileEncoding = 4; lastKnownFileType = sourcecode.swift; path = "UIStackView+Extension.swift"; sourceTree = "<group>"; };
		F9A41A822BFBB96500BB7B4B /* UITableView+Extension.swift */ = {isa = PBXFileReference; fileEncoding = 4; lastKnownFileType = sourcecode.swift; path = "UITableView+Extension.swift"; sourceTree = "<group>"; };
		F9A41A832BFBB96500BB7B4B /* UIButton+Extension.swift */ = {isa = PBXFileReference; fileEncoding = 4; lastKnownFileType = sourcecode.swift; path = "UIButton+Extension.swift"; sourceTree = "<group>"; };
		F9A41A842BFBB96500BB7B4B /* String+Extensions.swift */ = {isa = PBXFileReference; fileEncoding = 4; lastKnownFileType = sourcecode.swift; path = "String+Extensions.swift"; sourceTree = "<group>"; };
		F9A41A852BFBB96500BB7B4B /* UIView+Extension.swift */ = {isa = PBXFileReference; fileEncoding = 4; lastKnownFileType = sourcecode.swift; path = "UIView+Extension.swift"; sourceTree = "<group>"; };
		F9A41A862BFBB96500BB7B4B /* UILabel+Extension.swift */ = {isa = PBXFileReference; fileEncoding = 4; lastKnownFileType = sourcecode.swift; path = "UILabel+Extension.swift"; sourceTree = "<group>"; };
		F9A41A872BFBB96500BB7B4B /* UIViewController+Extension.swift */ = {isa = PBXFileReference; fileEncoding = 4; lastKnownFileType = sourcecode.swift; path = "UIViewController+Extension.swift"; sourceTree = "<group>"; };
		F9A41A882BFBB96500BB7B4B /* UIImageView+Extension.swift */ = {isa = PBXFileReference; fileEncoding = 4; lastKnownFileType = sourcecode.swift; path = "UIImageView+Extension.swift"; sourceTree = "<group>"; };
		F9A41A932BFBB9E100BB7B4B /* TextType.swift */ = {isa = PBXFileReference; lastKnownFileType = sourcecode.swift; path = TextType.swift; sourceTree = "<group>"; };
		F9A41A952BFBBA2300BB7B4B /* TextFieldType.swift */ = {isa = PBXFileReference; lastKnownFileType = sourcecode.swift; path = TextFieldType.swift; sourceTree = "<group>"; };
		F9A41A972BFBC73C00BB7B4B /* MainVC.swift */ = {isa = PBXFileReference; lastKnownFileType = sourcecode.swift; path = MainVC.swift; sourceTree = "<group>"; };
		F9A41A9E2BFBC87400BB7B4B /* FoodRepository.swift */ = {isa = PBXFileReference; fileEncoding = 4; lastKnownFileType = sourcecode.swift; path = FoodRepository.swift; sourceTree = "<group>"; };
		F9A41AA12BFBC91800BB7B4B /* Yemekler.swift */ = {isa = PBXFileReference; lastKnownFileType = sourcecode.swift; path = Yemekler.swift; sourceTree = "<group>"; };
		F9A41AA32BFBC94A00BB7B4B /* TumYemekler.swift */ = {isa = PBXFileReference; lastKnownFileType = sourcecode.swift; path = TumYemekler.swift; sourceTree = "<group>"; };
		F9A41AA52BFBCA4700BB7B4B /* SepetTumYemekler.swift */ = {isa = PBXFileReference; lastKnownFileType = sourcecode.swift; path = SepetTumYemekler.swift; sourceTree = "<group>"; };
		F9A41AA72BFBCA8800BB7B4B /* SepetYemekler.swift */ = {isa = PBXFileReference; lastKnownFileType = sourcecode.swift; path = SepetYemekler.swift; sourceTree = "<group>"; };
		F9A41AAE2BFBCDE900BB7B4B /* MainViewModel.swift */ = {isa = PBXFileReference; lastKnownFileType = sourcecode.swift; path = MainViewModel.swift; sourceTree = "<group>"; };
		F9A41AB52BFCC55100BB7B4B /* FoodCollectionCell.swift */ = {isa = PBXFileReference; lastKnownFileType = sourcecode.swift; path = FoodCollectionCell.swift; sourceTree = "<group>"; };
		F9A41ABA2BFCC8C300BB7B4B /* BaseCollectionViewCell.swift */ = {isa = PBXFileReference; fileEncoding = 4; lastKnownFileType = sourcecode.swift; path = BaseCollectionViewCell.swift; sourceTree = "<group>"; };
		F9A41AC52BFCE1A900BB7B4B /* CustomTabBarController.swift */ = {isa = PBXFileReference; fileEncoding = 4; lastKnownFileType = sourcecode.swift; path = CustomTabBarController.swift; sourceTree = "<group>"; };
		F9A41ACC2BFCF99400BB7B4B /* FavoritesVC.swift */ = {isa = PBXFileReference; lastKnownFileType = sourcecode.swift; path = FavoritesVC.swift; sourceTree = "<group>"; };
		F9A41B212BFD154800BB7B4B /* Rubik-Bold.ttf */ = {isa = PBXFileReference; lastKnownFileType = file; path = "Rubik-Bold.ttf"; sourceTree = "<group>"; };
		F9A41B222BFD154800BB7B4B /* Rubik-ExtraBold.ttf */ = {isa = PBXFileReference; lastKnownFileType = file; path = "Rubik-ExtraBold.ttf"; sourceTree = "<group>"; };
		F9A41B232BFD154800BB7B4B /* Rubik-Light.ttf */ = {isa = PBXFileReference; lastKnownFileType = file; path = "Rubik-Light.ttf"; sourceTree = "<group>"; };
		F9A41B242BFD154800BB7B4B /* Rubik-Medium.ttf */ = {isa = PBXFileReference; lastKnownFileType = file; path = "Rubik-Medium.ttf"; sourceTree = "<group>"; };
		F9A41B252BFD154800BB7B4B /* Rubik-Regular.ttf */ = {isa = PBXFileReference; lastKnownFileType = file; path = "Rubik-Regular.ttf"; sourceTree = "<group>"; };
		F9A41B262BFD154800BB7B4B /* Rubik-SemiBold.ttf */ = {isa = PBXFileReference; lastKnownFileType = file; path = "Rubik-SemiBold.ttf"; sourceTree = "<group>"; };
/* End PBXFileReference section */

/* Begin PBXFrameworksBuildPhase section */
		F9A41A482BFBB23F00BB7B4B /* Frameworks */ = {
			isa = PBXFrameworksBuildPhase;
			buildActionMask = 2147483647;
			files = (
				F9A41A662BFBB31A00BB7B4B /* Kingfisher in Frameworks */,
				F9A41A6A2BFBB33000BB7B4B /* SnapKit in Frameworks */,
				F9A41AAB2BFBCC9E00BB7B4B /* Alamofire in Frameworks */,
				F9A41A702BFBB3CA00BB7B4B /* RxSwift in Frameworks */,
				F9A41A6D2BFBB33E00BB7B4B /* Lottie in Frameworks */,
			);
			runOnlyForDeploymentPostprocessing = 0;
		};
/* End PBXFrameworksBuildPhase section */

/* Begin PBXGroup section */
		F98D59652BFD1E490096F2F7 /* StepperButton */ = {
			isa = PBXGroup;
			children = (
				F98D59662BFD1E5B0096F2F7 /* StepperButton.swift */,
				F98D59782BFFAF3D0096F2F7 /* DetailStepperButton.swift */,
			);
			path = StepperButton;
			sourceTree = "<group>";
		};
		F98D596A2BFD20D70096F2F7 /* Base */ = {
			isa = PBXGroup;
			children = (
				F9A41ABA2BFCC8C300BB7B4B /* BaseCollectionViewCell.swift */,
				F98D59682BFD20D00096F2F7 /* BaseView.swift */,
				F9A41A762BFBB83D00BB7B4B /* BaseVC.swift */,
				F98D596D2BFD720F0096F2F7 /* BaseTableViewCell.swift */,
			);
			path = Base;
			sourceTree = "<group>";
		};
		F98D59772BFF89040096F2F7 /* NavigationView */ = {
			isa = PBXGroup;
			children = (
				F98D59752BFF89010096F2F7 /* CustomNavigationView.swift */,
			);
			path = NavigationView;
			sourceTree = "<group>";
		};
		F98D597C2C00FF6C0096F2F7 /* informationView */ = {
			isa = PBXGroup;
			children = (
				F98D597D2C00FF8B0096F2F7 /* InformationView.swift */,
			);
			path = informationView;
			sourceTree = "<group>";
		};
		F98D597F2C0102DC0096F2F7 /* Resources */ = {
			isa = PBXGroup;
			children = (
				F98D59802C0102E60096F2F7 /* Animations */,
				F9A41A572BFBB24100BB7B4B /* Assets.xcassets */,
			);
			path = Resources;
			sourceTree = "<group>";
		};
		F98D59802C0102E60096F2F7 /* Animations */ = {
			isa = PBXGroup;
			children = (
				F98D59812C0102EF0096F2F7 /* loadingAnimation.json */,
			);
			path = Animations;
			sourceTree = "<group>";
		};
		F9A41A422BFBB23F00BB7B4B = {
			isa = PBXGroup;
			children = (
				F9A41A4D2BFBB23F00BB7B4B /* YemekSiparis */,
				F9A41A4C2BFBB23F00BB7B4B /* Products */,
				F9A41A6E2BFBB3CA00BB7B4B /* Frameworks */,
			);
			sourceTree = "<group>";
		};
		F9A41A4C2BFBB23F00BB7B4B /* Products */ = {
			isa = PBXGroup;
			children = (
				F9A41A4B2BFBB23F00BB7B4B /* YemekSiparis.app */,
			);
			name = Products;
			sourceTree = "<group>";
		};
		F9A41A4D2BFBB23F00BB7B4B /* YemekSiparis */ = {
			isa = PBXGroup;
			children = (
				F9A41A9F2BFBC87400BB7B4B /* FoodRepository */,
				F9A41A7E2BFBB91900BB7B4B /* Entity */,
				F9A41A7C2BFBB8ED00BB7B4B /* Utilities */,
				F9A41A4E2BFBB23F00BB7B4B /* AppDelegate.swift */,
				F9A41A502BFBB23F00BB7B4B /* SceneDelegate.swift */,
				F9A41A622BFBB2C200BB7B4B /* ui */,
				F98D597F2C0102DC0096F2F7 /* Resources */,
				F9A41A592BFBB24100BB7B4B /* LaunchScreen.storyboard */,
				F9A41A5C2BFBB24100BB7B4B /* Info.plist */,
			);
			path = YemekSiparis;
			sourceTree = "<group>";
		};
		F9A41A622BFBB2C200BB7B4B /* ui */ = {
			isa = PBXGroup;
			children = (
				F98D597C2C00FF6C0096F2F7 /* informationView */,
				F98D59652BFD1E490096F2F7 /* StepperButton */,
				F9A41AC62BFCE1A900BB7B4B /* TabBar */,
				F9A41AB22BFCC4FA00BB7B4B /* Cell */,
				F9A41AB12BFBCDFC00BB7B4B /* ViewModel */,
				F9A41A632BFBB2C800BB7B4B /* Views */,
				F98D596A2BFD20D70096F2F7 /* Base */,
				F98D59772BFF89040096F2F7 /* NavigationView */,
			);
			path = ui;
			sourceTree = "<group>";
		};
		F9A41A632BFBB2C800BB7B4B /* Views */ = {
			isa = PBXGroup;
			children = (
				F9A41A522BFBB23F00BB7B4B /* SplashVC.swift */,
				F9A41A782BFBB86E00BB7B4B /* CartVC.swift */,
				F9A41A7A2BFBB87800BB7B4B /* DetailVC.swift */,
				F9A41A972BFBC73C00BB7B4B /* MainVC.swift */,
				F9A41ACC2BFCF99400BB7B4B /* FavoritesVC.swift */,
			);
			path = Views;
			sourceTree = "<group>";
		};
		F9A41A6E2BFBB3CA00BB7B4B /* Frameworks */ = {
			isa = PBXGroup;
			children = (
			);
			name = Frameworks;
			sourceTree = "<group>";
		};
		F9A41A7C2BFBB8ED00BB7B4B /* Utilities */ = {
			isa = PBXGroup;
			children = (
				F9A41B272BFD154800BB7B4B /* Fonts */,
				F9A41A7D2BFBB8F300BB7B4B /* Extensions */,
			);
			path = Utilities;
			sourceTree = "<group>";
		};
		F9A41A7D2BFBB8F300BB7B4B /* Extensions */ = {
			isa = PBXGroup;
			children = (
				F9A41A842BFBB96500BB7B4B /* String+Extensions.swift */,
				F9A41A832BFBB96500BB7B4B /* UIButton+Extension.swift */,
				F9A41A882BFBB96500BB7B4B /* UIImageView+Extension.swift */,
				F9A41A862BFBB96500BB7B4B /* UILabel+Extension.swift */,
				F9A41A812BFBB96500BB7B4B /* UIStackView+Extension.swift */,
				F9A41A822BFBB96500BB7B4B /* UITableView+Extension.swift */,
				F9A41A802BFBB96500BB7B4B /* UITextField+Extension.swift */,
				F9A41A852BFBB96500BB7B4B /* UIView+Extension.swift */,
				F9A41A872BFBB96500BB7B4B /* UIViewController+Extension.swift */,
			);
			path = Extensions;
			sourceTree = "<group>";
		};
		F9A41A7E2BFBB91900BB7B4B /* Entity */ = {
			isa = PBXGroup;
			children = (
				F9A41A922BFBB97B00BB7B4B /* Enum */,
				F9A41A7F2BFBB92400BB7B4B /* Model */,
			);
			path = Entity;
			sourceTree = "<group>";
		};
		F9A41A7F2BFBB92400BB7B4B /* Model */ = {
			isa = PBXGroup;
			children = (
				F9A41AA12BFBC91800BB7B4B /* Yemekler.swift */,
				F9A41AA32BFBC94A00BB7B4B /* TumYemekler.swift */,
				F9A41AA52BFBCA4700BB7B4B /* SepetTumYemekler.swift */,
				F9A41AA72BFBCA8800BB7B4B /* SepetYemekler.swift */,
				F98D59712BFE246C0096F2F7 /* CRUDCevap.swift */,
			);
			path = Model;
			sourceTree = "<group>";
		};
		F9A41A922BFBB97B00BB7B4B /* Enum */ = {
			isa = PBXGroup;
			children = (
				F9A41A932BFBB9E100BB7B4B /* TextType.swift */,
				F9A41A952BFBBA2300BB7B4B /* TextFieldType.swift */,
			);
			path = Enum;
			sourceTree = "<group>";
		};
		F9A41A9F2BFBC87400BB7B4B /* FoodRepository */ = {
			isa = PBXGroup;
			children = (
				F9A41A9E2BFBC87400BB7B4B /* FoodRepository.swift */,
			);
			path = FoodRepository;
			sourceTree = "<group>";
		};
		F9A41AB12BFBCDFC00BB7B4B /* ViewModel */ = {
			isa = PBXGroup;
			children = (
				F9A41AAE2BFBCDE900BB7B4B /* MainViewModel.swift */,
				F98D59732BFE2B6B0096F2F7 /* CartViewModel.swift */,
			);
			path = ViewModel;
			sourceTree = "<group>";
		};
		F9A41AB22BFCC4FA00BB7B4B /* Cell */ = {
			isa = PBXGroup;
			children = (
				F9A41AB52BFCC55100BB7B4B /* FoodCollectionCell.swift */,
				F98D596B2BFD71EE0096F2F7 /* FoodCartCell.swift */,
				F98D596F2BFD78E40096F2F7 /* RecommendedFoodCell.swift */,
			);
			path = Cell;
			sourceTree = "<group>";
		};
		F9A41AC62BFCE1A900BB7B4B /* TabBar */ = {
			isa = PBXGroup;
			children = (
				F9A41AC52BFCE1A900BB7B4B /* CustomTabBarController.swift */,
			);
			path = TabBar;
			sourceTree = "<group>";
		};
		F9A41B272BFD154800BB7B4B /* Fonts */ = {
			isa = PBXGroup;
			children = (
				F9A41B212BFD154800BB7B4B /* Rubik-Bold.ttf */,
				F9A41B222BFD154800BB7B4B /* Rubik-ExtraBold.ttf */,
				F9A41B232BFD154800BB7B4B /* Rubik-Light.ttf */,
				F9A41B242BFD154800BB7B4B /* Rubik-Medium.ttf */,
				F9A41B252BFD154800BB7B4B /* Rubik-Regular.ttf */,
				F9A41B262BFD154800BB7B4B /* Rubik-SemiBold.ttf */,
			);
			path = Fonts;
			sourceTree = "<group>";
		};
/* End PBXGroup section */

/* Begin PBXNativeTarget section */
		F9A41A4A2BFBB23F00BB7B4B /* YemekSiparis */ = {
			isa = PBXNativeTarget;
			buildConfigurationList = F9A41A5F2BFBB24100BB7B4B /* Build configuration list for PBXNativeTarget "YemekSiparis" */;
			buildPhases = (
				F9A41A472BFBB23F00BB7B4B /* Sources */,
				F9A41A482BFBB23F00BB7B4B /* Frameworks */,
				F9A41A492BFBB23F00BB7B4B /* Resources */,
			);
			buildRules = (
			);
			dependencies = (
			);
			name = YemekSiparis;
			packageProductDependencies = (
				F9A41A652BFBB31A00BB7B4B /* Kingfisher */,
				F9A41A692BFBB33000BB7B4B /* SnapKit */,
				F9A41A6C2BFBB33E00BB7B4B /* Lottie */,
				F9A41A6F2BFBB3CA00BB7B4B /* RxSwift */,
				F9A41AAA2BFBCC9E00BB7B4B /* Alamofire */,
			);
			productName = YemekSiparis;
			productReference = F9A41A4B2BFBB23F00BB7B4B /* YemekSiparis.app */;
			productType = "com.apple.product-type.application";
		};
/* End PBXNativeTarget section */

/* Begin PBXProject section */
		F9A41A432BFBB23F00BB7B4B /* Project object */ = {
			isa = PBXProject;
			attributes = {
				BuildIndependentTargetsInParallel = 1;
				LastSwiftUpdateCheck = 1530;
				LastUpgradeCheck = 1530;
				TargetAttributes = {
					F9A41A4A2BFBB23F00BB7B4B = {
						CreatedOnToolsVersion = 15.3;
					};
				};
			};
			buildConfigurationList = F9A41A462BFBB23F00BB7B4B /* Build configuration list for PBXProject "YemekSiparis" */;
			compatibilityVersion = "Xcode 14.0";
			developmentRegion = en;
			hasScannedForEncodings = 0;
			knownRegions = (
				en,
				Base,
			);
			mainGroup = F9A41A422BFBB23F00BB7B4B;
			packageReferences = (
				F9A41A642BFBB31A00BB7B4B /* XCRemoteSwiftPackageReference "Kingfisher" */,
				F9A41A672BFBB32500BB7B4B /* XCRemoteSwiftPackageReference "RxSwift" */,
				F9A41A682BFBB33000BB7B4B /* XCRemoteSwiftPackageReference "SnapKit" */,
				F9A41A6B2BFBB33E00BB7B4B /* XCRemoteSwiftPackageReference "lottie-ios" */,
				F9A41AA92BFBCC9E00BB7B4B /* XCRemoteSwiftPackageReference "Alamofire" */,
			);
			productRefGroup = F9A41A4C2BFBB23F00BB7B4B /* Products */;
			projectDirPath = "";
			projectRoot = "";
			targets = (
				F9A41A4A2BFBB23F00BB7B4B /* YemekSiparis */,
			);
		};
/* End PBXProject section */

/* Begin PBXResourcesBuildPhase section */
		F9A41A492BFBB23F00BB7B4B /* Resources */ = {
			isa = PBXResourcesBuildPhase;
			buildActionMask = 2147483647;
			files = (
				F9A41A582BFBB24100BB7B4B /* Assets.xcassets in Resources */,
				F9A41B2C2BFD154800BB7B4B /* Rubik-Regular.ttf in Resources */,
				F9A41B282BFD154800BB7B4B /* Rubik-Bold.ttf in Resources */,
				F9A41B2A2BFD154800BB7B4B /* Rubik-Light.ttf in Resources */,
				F9A41B2B2BFD154800BB7B4B /* Rubik-Medium.ttf in Resources */,
				F9A41B292BFD154800BB7B4B /* Rubik-ExtraBold.ttf in Resources */,
				F98D59822C0102EF0096F2F7 /* loadingAnimation.json in Resources */,
				F9A41A5B2BFBB24100BB7B4B /* Base in Resources */,
				F9A41B2D2BFD154800BB7B4B /* Rubik-SemiBold.ttf in Resources */,
			);
			runOnlyForDeploymentPostprocessing = 0;
		};
/* End PBXResourcesBuildPhase section */

/* Begin PBXSourcesBuildPhase section */
		F9A41A472BFBB23F00BB7B4B /* Sources */ = {
			isa = PBXSourcesBuildPhase;
			buildActionMask = 2147483647;
			files = (
				F9A41A532BFBB23F00BB7B4B /* SplashVC.swift in Sources */,
				F9A41A8E2BFBB96500BB7B4B /* UIView+Extension.swift in Sources */,
				F9A41A4F2BFBB23F00BB7B4B /* AppDelegate.swift in Sources */,
				F98D59762BFF89010096F2F7 /* CustomNavigationView.swift in Sources */,
				F9A41A902BFBB96500BB7B4B /* UIViewController+Extension.swift in Sources */,
				F98D59792BFFAF3D0096F2F7 /* DetailStepperButton.swift in Sources */,
				F9A41A792BFBB86E00BB7B4B /* CartVC.swift in Sources */,
				F9A41AAF2BFBCDE900BB7B4B /* MainViewModel.swift in Sources */,
				F9A41AA82BFBCA8800BB7B4B /* SepetYemekler.swift in Sources */,
				F9A41A8C2BFBB96500BB7B4B /* UIButton+Extension.swift in Sources */,
				F9A41A8D2BFBB96500BB7B4B /* String+Extensions.swift in Sources */,
				F9A41A512BFBB23F00BB7B4B /* SceneDelegate.swift in Sources */,
				F9A41ABB2BFCC8C300BB7B4B /* BaseCollectionViewCell.swift in Sources */,
				F9A41ACD2BFCF99400BB7B4B /* FavoritesVC.swift in Sources */,
				F9A41AA62BFBCA4700BB7B4B /* SepetTumYemekler.swift in Sources */,
				F9A41A8A2BFBB96500BB7B4B /* UIStackView+Extension.swift in Sources */,
				F9A41A912BFBB96500BB7B4B /* UIImageView+Extension.swift in Sources */,
				F98D596E2BFD720F0096F2F7 /* BaseTableViewCell.swift in Sources */,
				F98D59742BFE2B6B0096F2F7 /* CartViewModel.swift in Sources */,
				F9A41A892BFBB96500BB7B4B /* UITextField+Extension.swift in Sources */,
				F98D59672BFD1E5B0096F2F7 /* StepperButton.swift in Sources */,
				F9A41A982BFBC73C00BB7B4B /* MainVC.swift in Sources */,
				F9A41A8F2BFBB96500BB7B4B /* UILabel+Extension.swift in Sources */,
				F98D59692BFD20D00096F2F7 /* BaseView.swift in Sources */,
				F98D59722BFE246C0096F2F7 /* CRUDCevap.swift in Sources */,
				F9A41AA42BFBC94A00BB7B4B /* TumYemekler.swift in Sources */,
				F9A41A962BFBBA2300BB7B4B /* TextFieldType.swift in Sources */,
				F9A41AB62BFCC55100BB7B4B /* FoodCollectionCell.swift in Sources */,
				F9A41A942BFBB9E100BB7B4B /* TextType.swift in Sources */,
				F9A41AC72BFCE1A900BB7B4B /* CustomTabBarController.swift in Sources */,
				F9A41A8B2BFBB96500BB7B4B /* UITableView+Extension.swift in Sources */,
				F9A41AA22BFBC91800BB7B4B /* Yemekler.swift in Sources */,
				F98D59702BFD78E40096F2F7 /* RecommendedFoodCell.swift in Sources */,
				F9A41A772BFBB83D00BB7B4B /* BaseVC.swift in Sources */,
				F9A41A7B2BFBB87800BB7B4B /* DetailVC.swift in Sources */,
				F98D597E2C00FF8B0096F2F7 /* InformationView.swift in Sources */,
				F9A41AA02BFBC87400BB7B4B /* FoodRepository.swift in Sources */,
				F98D596C2BFD71EE0096F2F7 /* FoodCartCell.swift in Sources */,
			);
			runOnlyForDeploymentPostprocessing = 0;
		};
/* End PBXSourcesBuildPhase section */

/* Begin PBXVariantGroup section */
		F9A41A592BFBB24100BB7B4B /* LaunchScreen.storyboard */ = {
			isa = PBXVariantGroup;
			children = (
				F9A41A5A2BFBB24100BB7B4B /* Base */,
			);
			name = LaunchScreen.storyboard;
			sourceTree = "<group>";
		};
/* End PBXVariantGroup section */

/* Begin XCBuildConfiguration section */
		F9A41A5D2BFBB24100BB7B4B /* Debug */ = {
			isa = XCBuildConfiguration;
			buildSettings = {
				ALWAYS_SEARCH_USER_PATHS = NO;
				ASSETCATALOG_COMPILER_GENERATE_SWIFT_ASSET_SYMBOL_EXTENSIONS = YES;
				CLANG_ANALYZER_NONNULL = YES;
				CLANG_ANALYZER_NUMBER_OBJECT_CONVERSION = YES_AGGRESSIVE;
				CLANG_CXX_LANGUAGE_STANDARD = "gnu++20";
				CLANG_ENABLE_MODULES = YES;
				CLANG_ENABLE_OBJC_ARC = YES;
				CLANG_ENABLE_OBJC_WEAK = YES;
				CLANG_WARN_BLOCK_CAPTURE_AUTORELEASING = YES;
				CLANG_WARN_BOOL_CONVERSION = YES;
				CLANG_WARN_COMMA = YES;
				CLANG_WARN_CONSTANT_CONVERSION = YES;
				CLANG_WARN_DEPRECATED_OBJC_IMPLEMENTATIONS = YES;
				CLANG_WARN_DIRECT_OBJC_ISA_USAGE = YES_ERROR;
				CLANG_WARN_DOCUMENTATION_COMMENTS = YES;
				CLANG_WARN_EMPTY_BODY = YES;
				CLANG_WARN_ENUM_CONVERSION = YES;
				CLANG_WARN_INFINITE_RECURSION = YES;
				CLANG_WARN_INT_CONVERSION = YES;
				CLANG_WARN_NON_LITERAL_NULL_CONVERSION = YES;
				CLANG_WARN_OBJC_IMPLICIT_RETAIN_SELF = YES;
				CLANG_WARN_OBJC_LITERAL_CONVERSION = YES;
				CLANG_WARN_OBJC_ROOT_CLASS = YES_ERROR;
				CLANG_WARN_QUOTED_INCLUDE_IN_FRAMEWORK_HEADER = YES;
				CLANG_WARN_RANGE_LOOP_ANALYSIS = YES;
				CLANG_WARN_STRICT_PROTOTYPES = YES;
				CLANG_WARN_SUSPICIOUS_MOVE = YES;
				CLANG_WARN_UNGUARDED_AVAILABILITY = YES_AGGRESSIVE;
				CLANG_WARN_UNREACHABLE_CODE = YES;
				CLANG_WARN__DUPLICATE_METHOD_MATCH = YES;
				COPY_PHASE_STRIP = NO;
				DEBUG_INFORMATION_FORMAT = dwarf;
				ENABLE_STRICT_OBJC_MSGSEND = YES;
				ENABLE_TESTABILITY = YES;
				ENABLE_USER_SCRIPT_SANDBOXING = YES;
				GCC_C_LANGUAGE_STANDARD = gnu17;
				GCC_DYNAMIC_NO_PIC = NO;
				GCC_NO_COMMON_BLOCKS = YES;
				GCC_OPTIMIZATION_LEVEL = 0;
				GCC_PREPROCESSOR_DEFINITIONS = (
					"DEBUG=1",
					"$(inherited)",
				);
				GCC_WARN_64_TO_32_BIT_CONVERSION = YES;
				GCC_WARN_ABOUT_RETURN_TYPE = YES_ERROR;
				GCC_WARN_UNDECLARED_SELECTOR = YES;
				GCC_WARN_UNINITIALIZED_AUTOS = YES_AGGRESSIVE;
				GCC_WARN_UNUSED_FUNCTION = YES;
				GCC_WARN_UNUSED_VARIABLE = YES;
				IPHONEOS_DEPLOYMENT_TARGET = 17.0;
				LOCALIZATION_PREFERS_STRING_CATALOGS = YES;
				MTL_ENABLE_DEBUG_INFO = INCLUDE_SOURCE;
				MTL_FAST_MATH = YES;
				ONLY_ACTIVE_ARCH = YES;
				SDKROOT = iphoneos;
				SWIFT_ACTIVE_COMPILATION_CONDITIONS = "DEBUG $(inherited)";
				SWIFT_OPTIMIZATION_LEVEL = "-Onone";
			};
			name = Debug;
		};
		F9A41A5E2BFBB24100BB7B4B /* Release */ = {
			isa = XCBuildConfiguration;
			buildSettings = {
				ALWAYS_SEARCH_USER_PATHS = NO;
				ASSETCATALOG_COMPILER_GENERATE_SWIFT_ASSET_SYMBOL_EXTENSIONS = YES;
				CLANG_ANALYZER_NONNULL = YES;
				CLANG_ANALYZER_NUMBER_OBJECT_CONVERSION = YES_AGGRESSIVE;
				CLANG_CXX_LANGUAGE_STANDARD = "gnu++20";
				CLANG_ENABLE_MODULES = YES;
				CLANG_ENABLE_OBJC_ARC = YES;
				CLANG_ENABLE_OBJC_WEAK = YES;
				CLANG_WARN_BLOCK_CAPTURE_AUTORELEASING = YES;
				CLANG_WARN_BOOL_CONVERSION = YES;
				CLANG_WARN_COMMA = YES;
				CLANG_WARN_CONSTANT_CONVERSION = YES;
				CLANG_WARN_DEPRECATED_OBJC_IMPLEMENTATIONS = YES;
				CLANG_WARN_DIRECT_OBJC_ISA_USAGE = YES_ERROR;
				CLANG_WARN_DOCUMENTATION_COMMENTS = YES;
				CLANG_WARN_EMPTY_BODY = YES;
				CLANG_WARN_ENUM_CONVERSION = YES;
				CLANG_WARN_INFINITE_RECURSION = YES;
				CLANG_WARN_INT_CONVERSION = YES;
				CLANG_WARN_NON_LITERAL_NULL_CONVERSION = YES;
				CLANG_WARN_OBJC_IMPLICIT_RETAIN_SELF = YES;
				CLANG_WARN_OBJC_LITERAL_CONVERSION = YES;
				CLANG_WARN_OBJC_ROOT_CLASS = YES_ERROR;
				CLANG_WARN_QUOTED_INCLUDE_IN_FRAMEWORK_HEADER = YES;
				CLANG_WARN_RANGE_LOOP_ANALYSIS = YES;
				CLANG_WARN_STRICT_PROTOTYPES = YES;
				CLANG_WARN_SUSPICIOUS_MOVE = YES;
				CLANG_WARN_UNGUARDED_AVAILABILITY = YES_AGGRESSIVE;
				CLANG_WARN_UNREACHABLE_CODE = YES;
				CLANG_WARN__DUPLICATE_METHOD_MATCH = YES;
				COPY_PHASE_STRIP = NO;
				DEBUG_INFORMATION_FORMAT = "dwarf-with-dsym";
				ENABLE_NS_ASSERTIONS = NO;
				ENABLE_STRICT_OBJC_MSGSEND = YES;
				ENABLE_USER_SCRIPT_SANDBOXING = YES;
				GCC_C_LANGUAGE_STANDARD = gnu17;
				GCC_NO_COMMON_BLOCKS = YES;
				GCC_WARN_64_TO_32_BIT_CONVERSION = YES;
				GCC_WARN_ABOUT_RETURN_TYPE = YES_ERROR;
				GCC_WARN_UNDECLARED_SELECTOR = YES;
				GCC_WARN_UNINITIALIZED_AUTOS = YES_AGGRESSIVE;
				GCC_WARN_UNUSED_FUNCTION = YES;
				GCC_WARN_UNUSED_VARIABLE = YES;
				IPHONEOS_DEPLOYMENT_TARGET = 17.0;
				LOCALIZATION_PREFERS_STRING_CATALOGS = YES;
				MTL_ENABLE_DEBUG_INFO = NO;
				MTL_FAST_MATH = YES;
				SDKROOT = iphoneos;
				SWIFT_COMPILATION_MODE = wholemodule;
				VALIDATE_PRODUCT = YES;
			};
			name = Release;
		};
		F9A41A602BFBB24100BB7B4B /* Debug */ = {
			isa = XCBuildConfiguration;
			buildSettings = {
				ASSETCATALOG_COMPILER_APPICON_NAME = AppIcon;
				ASSETCATALOG_COMPILER_GLOBAL_ACCENT_COLOR_NAME = AccentColor;
				CODE_SIGN_STYLE = Automatic;
				CURRENT_PROJECT_VERSION = 1;
				DEVELOPMENT_TEAM = H6QQ8QA88T;
				GENERATE_INFOPLIST_FILE = YES;
				INFOPLIST_FILE = YemekSiparis/Info.plist;
				INFOPLIST_KEY_CFBundleDisplayName = Yemek;
				INFOPLIST_KEY_LSApplicationCategoryType = "public.app-category.food-and-drink";
				INFOPLIST_KEY_UIApplicationSupportsIndirectInputEvents = YES;
				INFOPLIST_KEY_UILaunchStoryboardName = LaunchScreen;
				INFOPLIST_KEY_UISupportedInterfaceOrientations = UIInterfaceOrientationPortrait;
				IPHONEOS_DEPLOYMENT_TARGET = 17.0;
				LD_RUNPATH_SEARCH_PATHS = (
					"$(inherited)",
					"@executable_path/Frameworks",
				);
				MARKETING_VERSION = 1.0;
				PRODUCT_BUNDLE_IDENTIFIER = com.omerbozbulut.YemekSiparis;
				PRODUCT_NAME = "$(TARGET_NAME)";
				SUPPORTED_PLATFORMS = "iphoneos iphonesimulator";
				SUPPORTS_MACCATALYST = NO;
				SUPPORTS_MAC_DESIGNED_FOR_IPHONE_IPAD = NO;
				SUPPORTS_XR_DESIGNED_FOR_IPHONE_IPAD = NO;
				SWIFT_EMIT_LOC_STRINGS = YES;
				SWIFT_VERSION = 5.0;
				TARGETED_DEVICE_FAMILY = "1,2";
			};
			name = Debug;
		};
		F9A41A612BFBB24100BB7B4B /* Release */ = {
			isa = XCBuildConfiguration;
			buildSettings = {
				ASSETCATALOG_COMPILER_APPICON_NAME = AppIcon;
				ASSETCATALOG_COMPILER_GLOBAL_ACCENT_COLOR_NAME = AccentColor;
				CODE_SIGN_STYLE = Automatic;
				CURRENT_PROJECT_VERSION = 1;
				DEVELOPMENT_TEAM = H6QQ8QA88T;
				GENERATE_INFOPLIST_FILE = YES;
				INFOPLIST_FILE = YemekSiparis/Info.plist;
				INFOPLIST_KEY_CFBundleDisplayName = Yemek;
				INFOPLIST_KEY_LSApplicationCategoryType = "public.app-category.food-and-drink";
				INFOPLIST_KEY_UIApplicationSupportsIndirectInputEvents = YES;
				INFOPLIST_KEY_UILaunchStoryboardName = LaunchScreen;
				INFOPLIST_KEY_UISupportedInterfaceOrientations = UIInterfaceOrientationPortrait;
				IPHONEOS_DEPLOYMENT_TARGET = 17.0;
				LD_RUNPATH_SEARCH_PATHS = (
					"$(inherited)",
					"@executable_path/Frameworks",
				);
				MARKETING_VERSION = 1.0;
				PRODUCT_BUNDLE_IDENTIFIER = com.omerbozbulut.YemekSiparis;
				PRODUCT_NAME = "$(TARGET_NAME)";
				SUPPORTED_PLATFORMS = "iphoneos iphonesimulator";
				SUPPORTS_MACCATALYST = NO;
				SUPPORTS_MAC_DESIGNED_FOR_IPHONE_IPAD = NO;
				SUPPORTS_XR_DESIGNED_FOR_IPHONE_IPAD = NO;
				SWIFT_EMIT_LOC_STRINGS = YES;
				SWIFT_VERSION = 5.0;
				TARGETED_DEVICE_FAMILY = "1,2";
			};
			name = Release;
		};
/* End XCBuildConfiguration section */

/* Begin XCConfigurationList section */
		F9A41A462BFBB23F00BB7B4B /* Build configuration list for PBXProject "YemekSiparis" */ = {
			isa = XCConfigurationList;
			buildConfigurations = (
				F9A41A5D2BFBB24100BB7B4B /* Debug */,
				F9A41A5E2BFBB24100BB7B4B /* Release */,
			);
			defaultConfigurationIsVisible = 0;
			defaultConfigurationName = Release;
		};
		F9A41A5F2BFBB24100BB7B4B /* Build configuration list for PBXNativeTarget "YemekSiparis" */ = {
			isa = XCConfigurationList;
			buildConfigurations = (
				F9A41A602BFBB24100BB7B4B /* Debug */,
				F9A41A612BFBB24100BB7B4B /* Release */,
			);
			defaultConfigurationIsVisible = 0;
			defaultConfigurationName = Release;
		};
/* End XCConfigurationList section */

/* Begin XCRemoteSwiftPackageReference section */
		F9A41A642BFBB31A00BB7B4B /* XCRemoteSwiftPackageReference "Kingfisher" */ = {
			isa = XCRemoteSwiftPackageReference;
			repositoryURL = "https://github.com/onevcat/Kingfisher.git";
			requirement = {
				kind = upToNextMajorVersion;
				minimumVersion = 7.11.0;
			};
		};
		F9A41A672BFBB32500BB7B4B /* XCRemoteSwiftPackageReference "RxSwift" */ = {
			isa = XCRemoteSwiftPackageReference;
			repositoryURL = "https://github.com/ReactiveX/RxSwift.git";
			requirement = {
				kind = upToNextMajorVersion;
				minimumVersion = 6.7.1;
			};
		};
		F9A41A682BFBB33000BB7B4B /* XCRemoteSwiftPackageReference "SnapKit" */ = {
			isa = XCRemoteSwiftPackageReference;
			repositoryURL = "https://github.com/SnapKit/SnapKit";
			requirement = {
				kind = upToNextMajorVersion;
				minimumVersion = 5.7.1;
			};
		};
		F9A41A6B2BFBB33E00BB7B4B /* XCRemoteSwiftPackageReference "lottie-ios" */ = {
			isa = XCRemoteSwiftPackageReference;
			repositoryURL = "https://github.com/airbnb/lottie-ios.git";
			requirement = {
				kind = upToNextMajorVersion;
				minimumVersion = 4.4.3;
			};
		};
		F9A41AA92BFBCC9E00BB7B4B /* XCRemoteSwiftPackageReference "Alamofire" */ = {
			isa = XCRemoteSwiftPackageReference;
			repositoryURL = "https://github.com/Alamofire/Alamofire.git";
			requirement = {
				kind = upToNextMajorVersion;
				minimumVersion = 5.9.1;
			};
		};
/* End XCRemoteSwiftPackageReference section */

/* Begin XCSwiftPackageProductDependency section */
		F9A41A652BFBB31A00BB7B4B /* Kingfisher */ = {
			isa = XCSwiftPackageProductDependency;
			package = F9A41A642BFBB31A00BB7B4B /* XCRemoteSwiftPackageReference "Kingfisher" */;
			productName = Kingfisher;
		};
		F9A41A692BFBB33000BB7B4B /* SnapKit */ = {
			isa = XCSwiftPackageProductDependency;
			package = F9A41A682BFBB33000BB7B4B /* XCRemoteSwiftPackageReference "SnapKit" */;
			productName = SnapKit;
		};
		F9A41A6C2BFBB33E00BB7B4B /* Lottie */ = {
			isa = XCSwiftPackageProductDependency;
			package = F9A41A6B2BFBB33E00BB7B4B /* XCRemoteSwiftPackageReference "lottie-ios" */;
			productName = Lottie;
		};
		F9A41A6F2BFBB3CA00BB7B4B /* RxSwift */ = {
			isa = XCSwiftPackageProductDependency;
			package = F9A41A672BFBB32500BB7B4B /* XCRemoteSwiftPackageReference "RxSwift" */;
			productName = RxSwift;
		};
		F9A41AAA2BFBCC9E00BB7B4B /* Alamofire */ = {
			isa = XCSwiftPackageProductDependency;
			package = F9A41AA92BFBCC9E00BB7B4B /* XCRemoteSwiftPackageReference "Alamofire" */;
			productName = Alamofire;
		};
/* End XCSwiftPackageProductDependency section */
	};
	rootObject = F9A41A432BFBB23F00BB7B4B /* Project object */;
}
